// !$*UTF8*$!
{
	archiveVersion = 1;
	classes = {
	};
	objectVersion = 46;
	objects = {

/* Begin PBXBuildFile section */
		48D41FF31DCA6E3A002A40E2 /* AppDelegate.swift in Sources */ = {isa = PBXBuildFile; fileRef = 48D41FF21DCA6E3A002A40E2 /* AppDelegate.swift */; };
		48D41FF51DCA6E3A002A40E2 /* ViewController.swift in Sources */ = {isa = PBXBuildFile; fileRef = 48D41FF41DCA6E3A002A40E2 /* ViewController.swift */; };
		48D41FF81DCA6E3A002A40E2 /* Main.storyboard in Resources */ = {isa = PBXBuildFile; fileRef = 48D41FF61DCA6E3A002A40E2 /* Main.storyboard */; };
		48D41FFA1DCA6E3A002A40E2 /* Assets.xcassets in Resources */ = {isa = PBXBuildFile; fileRef = 48D41FF91DCA6E3A002A40E2 /* Assets.xcassets */; };
		48D41FFD1DCA6E3A002A40E2 /* LaunchScreen.storyboard in Resources */ = {isa = PBXBuildFile; fileRef = 48D41FFB1DCA6E3A002A40E2 /* LaunchScreen.storyboard */; };
/* End PBXBuildFile section */

/* Begin PBXFileReference section */
		48D41FEF1DCA6E3A002A40E2 /* RainyShiny.app */ = {isa = PBXFileReference; explicitFileType = wrapper.application; includeInIndex = 0; path = RainyShiny.app; sourceTree = BUILT_PRODUCTS_DIR; };
		48D41FF21DCA6E3A002A40E2 /* AppDelegate.swift */ = {isa = PBXFileReference; lastKnownFileType = sourcecode.swift; path = AppDelegate.swift; sourceTree = "<group>"; };
		48D41FF41DCA6E3A002A40E2 /* ViewController.swift */ = {isa = PBXFileReference; lastKnownFileType = sourcecode.swift; path = ViewController.swift; sourceTree = "<group>"; };
		48D41FF71DCA6E3A002A40E2 /* Base */ = {isa = PBXFileReference; lastKnownFileType = file.storyboard; name = Base; path = Base.lproj/Main.storyboard; sourceTree = "<group>"; };
		48D41FF91DCA6E3A002A40E2 /* Assets.xcassets */ = {isa = PBXFileReference; lastKnownFileType = folder.assetcatalog; path = Assets.xcassets; sourceTree = "<group>"; };
		48D41FFC1DCA6E3A002A40E2 /* Base */ = {isa = PBXFileReference; lastKnownFileType = file.storyboard; name = Base; path = Base.lproj/LaunchScreen.storyboard; sourceTree = "<group>"; };
		48D41FFE1DCA6E3A002A40E2 /* Info.plist */ = {isa = PBXFileReference; lastKnownFileType = text.plist.xml; path = Info.plist; sourceTree = "<group>"; };
/* End PBXFileReference section */

/* Begin PBXFrameworksBuildPhase section */
		48D41FEC1DCA6E3A002A40E2 /* Frameworks */ = {
			isa = PBXFrameworksBuildPhase;
			buildActionMask = 2147483647;
			files = (
			);
			runOnlyForDeploymentPostprocessing = 0;
		};
/* End PBXFrameworksBuildPhase section */

/* Begin PBXGroup section */
		48D41FE61DCA6E3A002A40E2 = {
			isa = PBXGroup;
			children = (
				48D41FF11DCA6E3A002A40E2 /* RainyShiny */,
				48D41FF01DCA6E3A002A40E2 /* Products */,
			);
			sourceTree = "<group>";
		};
		48D41FF01DCA6E3A002A40E2 /* Products */ = {
			isa = PBXGroup;
			children = (
				48D41FEF1DCA6E3A002A40E2 /* RainyShiny.app */,
			);
			name = Products;
			sourceTree = "<group>";
		};
		48D41FF11DCA6E3A002A40E2 /* RainyShiny */ = {
			isa = PBXGroup;
			children = (
				48D41FF21DCA6E3A002A40E2 /* AppDelegate.swift */,
				48D41FF41DCA6E3A002A40E2 /* ViewController.swift */,
				48D41FF61DCA6E3A002A40E2 /* Main.storyboard */,
				48D41FF91DCA6E3A002A40E2 /* Assets.xcassets */,
				48D41FFB1DCA6E3A002A40E2 /* LaunchScreen.storyboard */,
				48D41FFE1DCA6E3A002A40E2 /* Info.plist */,
			);
			path = RainyShiny;
			sourceTree = "<group>";
		};
/* End PBXGroup section */

/* Begin PBXNativeTarget section */
		48D41FEE1DCA6E3A002A40E2 /* RainyShiny */ = {
			isa = PBXNativeTarget;
			buildConfigurationList = 48D420011DCA6E3A002A40E2 /* Build configuration list for PBXNativeTarget "RainyShiny" */;
			buildPhases = (
				48D41FEB1DCA6E3A002A40E2 /* Sources */,
				48D41FEC1DCA6E3A002A40E2 /* Frameworks */,
				48D41FED1DCA6E3A002A40E2 /* Resources */,
			);
			buildRules = (
			);
			dependencies = (
			);
			name = RainyShiny;
			productName = RainyShiny;
			productReference = 48D41FEF1DCA6E3A002A40E2 /* RainyShiny.app */;
			productType = "com.apple.product-type.application";
		};
/* End PBXNativeTarget section */

/* Begin PBXProject section */
		48D41FE71DCA6E3A002A40E2 /* Project object */ = {
			isa = PBXProject;
			attributes = {
				LastSwiftUpdateCheck = 0810;
				LastUpgradeCheck = 0810;
				ORGANIZATIONNAME = "Matthew Wood";
				TargetAttributes = {
					48D41FEE1DCA6E3A002A40E2 = {
						CreatedOnToolsVersion = 8.1;
						DevelopmentTeam = P4EULK4HLY;
						ProvisioningStyle = Automatic;
					};
				};
			};
			buildConfigurationList = 48D41FEA1DCA6E3A002A40E2 /* Build configuration list for PBXProject "RainyShiny" */;
			compatibilityVersion = "Xcode 3.2";
			developmentRegion = English;
			hasScannedForEncodings = 0;
			knownRegions = (
				en,
				Base,
			);
			mainGroup = 48D41FE61DCA6E3A002A40E2;
			productRefGroup = 48D41FF01DCA6E3A002A40E2 /* Products */;
			projectDirPath = "";
			projectRoot = "";
			targets = (
				48D41FEE1DCA6E3A002A40E2 /* RainyShiny */,
			);
		};
/* End PBXProject section */

/* Begin PBXResourcesBuildPhase section */
		48D41FED1DCA6E3A002A40E2 /* Resources */ = {
			isa = PBXResourcesBuildPhase;
			buildActionMask = 2147483647;
			files = (
				48D41FFD1DCA6E3A002A40E2 /* LaunchScreen.storyboard in Resources */,
				48D41FFA1DCA6E3A002A40E2 /* Assets.xcassets in Resources */,
				48D41FF81DCA6E3A002A40E2 /* Main.storyboard in Resources */,
			);
			runOnlyForDeploymentPostprocessing = 0;
		};
/* End PBXResourcesBuildPhase section */

/* Begin PBXSourcesBuildPhase section */
		48D41FEB1DCA6E3A002A40E2 /* Sources */ = {
			isa = PBXSourcesBuildPhase;
			buildActionMask = 2147483647;
			files = (
				48D41FF51DCA6E3A002A40E2 /* ViewController.swift in Sources */,
				48D41FF31DCA6E3A002A40E2 /* AppDelegate.swift in Sources */,
			);
			runOnlyForDeploymentPostprocessing = 0;
		};
/* End PBXSourcesBuildPhase section */

/* Begin PBXVariantGroup section */
		48D41FF61DCA6E3A002A40E2 /* Main.storyboard */ = {
			isa = PBXVariantGroup;
			children = (
				48D41FF71DCA6E3A002A40E2 /* Base */,
			);
			name = Main.storyboard;
			sourceTree = "<group>";
		};
		48D41FFB1DCA6E3A002A40E2 /* LaunchScreen.storyboard */ = {
			isa = PBXVariantGroup;
			children = (
				48D41FFC1DCA6E3A002A40E2 /* Base */,
			);
			name = LaunchScreen.storyboard;
			sourceTree = "<group>";
		};
/* End PBXVariantGroup section */

/* Begin XCBuildConfiguration section */
		48D41FFF1DCA6E3A002A40E2 /* Debug */ = {
			isa = XCBuildConfiguration;
			buildSettings = {
				ALWAYS_SEARCH_USER_PATHS = NO;
				CLANG_ANALYZER_NONNULL = YES;
				CLANG_CXX_LANGUAGE_STANDARD = "gnu++0x";
				CLANG_CXX_LIBRARY = "libc++";
				CLANG_ENABLE_MODULES = YES;
				CLANG_ENABLE_OBJC_ARC = YES;
				CLANG_WARN_BOOL_CONVERSION = YES;
				CLANG_WARN_CONSTANT_CONVERSION = YES;
				CLANG_WARN_DIRECT_OBJC_ISA_USAGE = YES_ERROR;
				CLANG_WARN_DOCUMENTATION_COMMENTS = YES;
				CLANG_WARN_EMPTY_BODY = YES;
				CLANG_WARN_ENUM_CONVERSION = YES;
				CLANG_WARN_INFINITE_RECURSION = YES;
				CLANG_WARN_INT_CONVERSION = YES;
				CLANG_WARN_OBJC_ROOT_CLASS = YES_ERROR;
				CLANG_WARN_SUSPICIOUS_MOVES = YES;
				CLANG_WARN_UNREACHABLE_CODE = YES;
				CLANG_WARN__DUPLICATE_METHOD_MATCH = YES;
				"CODE_SIGN_IDENTITY[sdk=iphoneos*]" = "iPhone Developer";
				COPY_PHASE_STRIP = NO;
				DEBUG_INFORMATION_FORMAT = dwarf;
				ENABLE_STRICT_OBJC_MSGSEND = YES;
				ENABLE_TESTABILITY = YES;
				GCC_C_LANGUAGE_STANDARD = gnu99;
				GCC_DYNAMIC_NO_PIC = NO;
				GCC_NO_COMMON_BLOCKS = YES;
				GCC_OPTIMIZATION_LEVEL = 0;
				GCC_PREPROCESSOR_DEFINITIONS = (
					"DEBUG=1",
					"$(inherited)",
				);
				GCC_WARN_64_TO_32_BIT_CONVERSION = YES;
				GCC_WARN_ABOUT_RETURN_TYPE = YES_ERROR;
				GCC_WARN_UNDECLARED_SELECTOR = YES;
				GCC_WARN_UNINITIALIZED_AUTOS = YES_AGGRESSIVE;
				GCC_WARN_UNUSED_FUNCTION = YES;
				GCC_WARN_UNUSED_VARIABLE = YES;
				IPHONEOS_DEPLOYMENT_TARGET = 10.1;
				MTL_ENABLE_DEBUG_INFO = YES;
				ONLY_ACTIVE_ARCH = YES;
				SDKROOT = iphoneos;
				SWIFT_ACTIVE_COMPILATION_CONDITIONS = DEBUG;
				SWIFT_OPTIMIZATION_LEVEL = "-Onone";
				TARGETED_DEVICE_FAMILY = "1,2";
			};
			name = Debug;
		};
		48D420001DCA6E3A002A40E2 /* Release */ = {
			isa = XCBuildConfiguration;
			buildSettings = {
				ALWAYS_SEARCH_USER_PATHS = NO;
				CLANG_ANALYZER_NONNULL = YES;
				CLANG_CXX_LANGUAGE_STANDARD = "gnu++0x";
				CLANG_CXX_LIBRARY = "libc++";
				CLANG_ENABLE_MODULES = YES;
				CLANG_ENABLE_OBJC_ARC = YES;
				CLANG_WARN_BOOL_CONVERSION = YES;
				CLANG_WARN_CONSTANT_CONVERSION = YES;
				CLANG_WARN_DIRECT_OBJC_ISA_USAGE = YES_ERROR;
				CLANG_WARN_DOCUMENTATION_COMMENTS = YES;
				CLANG_WARN_EMPTY_BODY = YES;
				CLANG_WARN_ENUM_CONVERSION = YES;
				CLANG_WARN_INFINITE_RECURSION = YES;
				CLANG_WARN_INT_CONVERSION = YES;
				CLANG_WARN_OBJC_ROOT_CLASS = YES_ERROR;
				CLANG_WARN_SUSPICIOUS_MOVES = YES;
				CLANG_WARN_UNREACHABLE_CODE = YES;
				CLANG_WARN__DUPLICATE_METHOD_MATCH = YES;
				"CODE_SIGN_IDENTITY[sdk=iphoneos*]" = "iPhone Developer";
				COPY_PHASE_STRIP = NO;
				DEBUG_INFORMATION_FORMAT = "dwarf-with-dsym";
				ENABLE_NS_ASSERTIONS = NO;
				ENABLE_STRICT_OBJC_MSGSEND = YES;
				GCC_C_LANGUAGE_STANDARD = gnu99;
				GCC_NO_COMMON_BLOCKS = YES;
				GCC_WARN_64_TO_32_BIT_CONVERSION = YES;
				GCC_WARN_ABOUT_RETURN_TYPE = YES_ERROR;
				GCC_WARN_UNDECLARED_SELECTOR = YES;
				GCC_WARN_UNINITIALIZED_AUTOS = YES_AGGRESSIVE;
				GCC_WARN_UNUSED_FUNCTION = YES;
				GCC_WARN_UNUSED_VARIABLE = YES;
				IPHONEOS_DEPLOYMENT_TARGET = 10.1;
				MTL_ENABLE_DEBUG_INFO = NO;
				SDKROOT = iphoneos;
				SWIFT_OPTIMIZATION_LEVEL = "-Owholemodule";
				TARGETED_DEVICE_FAMILY = "1,2";
				VALIDATE_PRODUCT = YES;
			};
			name = Release;
		};
		48D420021DCA6E3A002A40E2 /* Debug */ = {
			isa = XCBuildConfiguration;
			buildSettings = {
				ASSETCATALOG_COMPILER_APPICON_NAME = AppIcon;
				DEVELOPMENT_TEAM = P4EULK4HLY;
				INFOPLIST_FILE = RainyShiny/Info.plist;
				LD_RUNPATH_SEARCH_PATHS = "$(inherited) @executable_path/Frameworks";
				PRODUCT_BUNDLE_IDENTIFIER = self.edu.matthew.RainyShiny;
				PRODUCT_NAME = "$(TARGET_NAME)";
				SWIFT_VERSION = 3.0;
				TARGETED_DEVICE_FAMILY = 1;
			};
			name = Debug;
		};
		48D420031DCA6E3A002A40E2 /* Release */ = {
			isa = XCBuildConfiguration;
			buildSettings = {
				ASSETCATALOG_COMPILER_APPICON_NAME = AppIcon;
				DEVELOPMENT_TEAM = P4EULK4HLY;
				INFOPLIST_FILE = RainyShiny/Info.plist;
				LD_RUNPATH_SEARCH_PATHS = "$(inherited) @executable_path/Frameworks";
				PRODUCT_BUNDLE_IDENTIFIER = self.edu.matthew.RainyShiny;
				PRODUCT_NAME = "$(TARGET_NAME)";
				SWIFT_VERSION = 3.0;
				TARGETED_DEVICE_FAMILY = 1;
			};
			name = Release;
		};
/* End XCBuildConfiguration section */

/* Begin XCConfigurationList section */
		48D41FEA1DCA6E3A002A40E2 /* Build configuration list for PBXProject "RainyShiny" */ = {
			isa = XCConfigurationList;
			buildConfigurations = (
				48D41FFF1DCA6E3A002A40E2 /* Debug */,
				48D420001DCA6E3A002A40E2 /* Release */,
			);
			defaultConfigurationIsVisible = 0;
			defaultConfigurationName = Release;
		};
		48D420011DCA6E3A002A40E2 /* Build configuration list for PBXNativeTarget "RainyShiny" */ = {
			isa = XCConfigurationList;
			buildConfigurations = (
				48D420021DCA6E3A002A40E2 /* Debug */,
				48D420031DCA6E3A002A40E2 /* Release */,
			);
			defaultConfigurationIsVisible = 0;
		};
/* End XCConfigurationList section */
	};
	rootObject = 48D41FE71DCA6E3A002A40E2 /* Project object */;
}
